
Microsoft Visual Studio Solution File, Format Version 10.00
# Visual Studio 2008
Project("{8BC9CEB8-8B4A-11D0-8D11-00A0C91BC942}") = "SerialPortDlg", "SerialPortDlg\SerialPortDlg.vcproj", "{FE86AEF1-5FA9-43CD-B8E0-E1918328DDA8}"
EndProject
Global
	GlobalSection(SolutionConfigurationPlatforms) = preSolution
		Debug|Win32 = Debug|Win32
		Release|Win32 = Release|Win32
	EndGlobalSection
	GlobalSection(ProjectConfigurationPlatforms) = postSolution
		{FE86AEF1-5FA9-43CD-B8E0-E1918328DDA8}.Debug|Win32.ActiveCfg = Debug|Win32
		{FE86AEF1-5FA9-43CD-B8E0-E1918328DDA8}.Debug|Win32.Build.0 = Debug|Win32
		{FE86AEF1-5FA9-43CD-B8E0-E1918328DDA8}.Release|Win32.ActiveCfg = Release|Win32
		{FE86AEF1-5FA9-43CD-B8E0-E1918328DDA8}.Release|Win32.Build.0 = Release|Win32
	EndGlobalSection
	GlobalSection(SolutionProperties) = preSolution
		HideSolutionNode = FALSE
	EndGlobalSection
EndGlobal
